
Microsoft Visual Studio Solution File, Format Version 12.00
# Visual Studio Version 17
VisualStudioVersion = 17.3.32901.215
MinimumVisualStudioVersion = 10.0.40219.1
Project("{FAE04EC0-301F-11D3-BF4B-00C04F79EFBC}") = "MsiRenamer", "MsiRenamer\MsiRenamer.csproj", "{ACEB2D3F-1C43-4AD5-B236-643F2C44F669}"
EndProject
Project("{2150E333-8FDC-42A3-9474-1A3956D46DE8}") = "Solution Items", "Solution Items", "{E8E89412-6115-462F-8B56-9D58A6F32596}"
	ProjectSection(SolutionItems) = preProject
		Changes.md = Changes.md
		License.md = License.md
		README.md = README.md
	EndProjectSection
EndProject
Project("{2150E333-8FDC-42A3-9474-1A3956D46DE8}") = ".github", ".github", "{636AF8BC-F7FB-41E1-963D-789B327B3439}"
	ProjectSection(SolutionItems) = preProject
		.github\FUNDING.yml = .github\FUNDING.yml
		.github\ISSUE_TEMPLATE.md = .github\ISSUE_TEMPLATE.md
	EndProjectSection
EndProject
Global
	GlobalSection(SolutionConfigurationPlatforms) = preSolution
		Debug|Any CPU = Debug|Any CPU
		Release|Any CPU = Release|Any CPU
	EndGlobalSection
	GlobalSection(ProjectConfigurationPlatforms) = postSolution
		{ACEB2D3F-1C43-4AD5-B236-643F2C44F669}.Debug|Any CPU.ActiveCfg = Debug|Any CPU
		{ACEB2D3F-1C43-4AD5-B236-643F2C44F669}.Debug|Any CPU.Build.0 = Debug|Any CPU
		{ACEB2D3F-1C43-4AD5-B236-643F2C44F669}.Release|Any CPU.ActiveCfg = Release|Any CPU
		{ACEB2D3F-1C43-4AD5-B236-643F2C44F669}.Release|Any CPU.Build.0 = Release|Any CPU
	EndGlobalSection
	GlobalSection(SolutionProperties) = preSolution
		HideSolutionNode = FALSE
	EndGlobalSection
	GlobalSection(NestedProjects) = preSolution
		{636AF8BC-F7FB-41E1-963D-789B327B3439} = {E8E89412-6115-462F-8B56-9D58A6F32596}
	EndGlobalSection
	GlobalSection(ExtensibilityGlobals) = postSolution
		SolutionGuid = {B4D120BD-919F-4C0E-A282-EECE556BBCC6}
	EndGlobalSection
EndGlobal
